
Microsoft Visual Studio Solution File, Format Version 12.00
# Visual Studio Version 17
VisualStudioVersion = 17.7.34031.279
MinimumVisualStudioVersion = 10.0.40219.1
Project("{8BC9CEB8-8B4A-11D0-8D11-00A0C91BC942}") = "Kong", "Kong\Kong.vcxproj", "{E86C581C-684E-4B10-918E-E5B32CE43155}"
EndProject
Project("{8BC9CEB8-8B4A-11D0-8D11-00A0C91BC942}") = "18258", "18258\18258.vcxproj", "{8B7DE939-9806-4991-82EC-83EFE4AD1550}"
EndProject
Project("{8BC9CEB8-8B4A-11D0-8D11-00A0C91BC942}") = "10828", "10828\10828.vcxproj", "{D6CDD687-79E4-4F21-9981-0297C14F2DDB}"
EndProject
Project("{8BC9CEB8-8B4A-11D0-8D11-00A0C91BC942}") = "9012", "9012\9012.vcxproj", "{07D8E4EF-8A01-4C85-8F8E-015BAFACA611}"
EndProject
Project("{8BC9CEB8-8B4A-11D0-8D11-00A0C91BC942}") = "10799", "10799\10799.vcxproj", "{E585059A-CF60-4EF3-ADD7-7D5189A39ACA}"
EndProject
Project("{8BC9CEB8-8B4A-11D0-8D11-00A0C91BC942}") = "1620", "1620\1620.vcxproj", "{1D649C3A-4716-48AA-9397-5E8918A95F5E}"
EndProject
Project("{8BC9CEB8-8B4A-11D0-8D11-00A0C91BC942}") = "14425", "14425\14425.vcxproj", "{EC1B1BB8-2EA7-4EF7-B463-7F407C80BCA0}"
EndProject
Project("{8BC9CEB8-8B4A-11D0-8D11-00A0C91BC942}") = "4358", "4358\4358.vcxproj", "{83E420BD-9BA4-401C-B79C-985E8133ECDA}"
EndProject
Project("{8BC9CEB8-8B4A-11D0-8D11-00A0C91BC942}") = "2075", "2075\2075.vcxproj", "{74358AF1-DD1E-4790-806B-4B7C76FDA4F3}"
EndProject
Project("{8BC9CEB8-8B4A-11D0-8D11-00A0C91BC942}") = "11725", "11725\11725.vcxproj", "{348AA015-A1CE-4986-B6F8-217B62EEEC85}"
EndProject
Project("{8BC9CEB8-8B4A-11D0-8D11-00A0C91BC942}") = "9934", "9934\9934.vcxproj", "{D1B878AE-294C-4041-AC34-84B36A319697}"
EndProject
Project("{8BC9CEB8-8B4A-11D0-8D11-00A0C91BC942}") = "1463", "1463\1463.vcxproj", "{C72870A4-3473-4D75-B813-20538B14136C}"
EndProject
Project("{8BC9CEB8-8B4A-11D0-8D11-00A0C91BC942}") = "2579", "2579\2579.vcxproj", "{1852DAE7-538A-4DE4-BEAA-E834E83F4A8C}"
EndProject
Project("{8BC9CEB8-8B4A-11D0-8D11-00A0C91BC942}") = "11726", "11726\11726.vcxproj", "{BCD63CC0-8D90-4B45-A746-64ED48C7BDC5}"
EndProject
Project("{8BC9CEB8-8B4A-11D0-8D11-00A0C91BC942}") = "17626", "17626\17626.vcxproj", "{8D7B444F-CD0C-434A-827B-D86981705168}"
EndProject
Project("{8BC9CEB8-8B4A-11D0-8D11-00A0C91BC942}") = "11727", "11727\11727.vcxproj", "{9C3A00DB-DFB3-4463-83B3-E051036D57A0}"
EndProject
Project("{8BC9CEB8-8B4A-11D0-8D11-00A0C91BC942}") = "9095", "9095\9095.vcxproj", "{2D553521-B71A-49BF-8C4E-AE6CA0EA6711}"
EndProject
Project("{8BC9CEB8-8B4A-11D0-8D11-00A0C91BC942}") = "1912", "1912\1912.vcxproj", "{61C38740-4B14-4600-A840-412A8E07C758}"
EndProject
Project("{8BC9CEB8-8B4A-11D0-8D11-00A0C91BC942}") = "11053", "11053\11053.vcxproj", "{D1D3E74F-154F-44AE-BC5B-7494F4AF8FAB}"
EndProject
Project("{8BC9CEB8-8B4A-11D0-8D11-00A0C91BC942}") = "22857", "22857\22857.vcxproj", "{D2281AF8-30DD-4C84-A027-1056C401A10F}"
EndProject
Project("{8BC9CEB8-8B4A-11D0-8D11-00A0C91BC942}") = "11055", "11055\11055.vcxproj", "{B4C7B777-46BA-4D41-A196-B7C8A0B82237}"
EndProject
Project("{8BC9CEB8-8B4A-11D0-8D11-00A0C91BC942}") = "21317", "21317\21317.vcxproj", "{A5AC9B79-77DC-405B-AC1F-9D891BF902F3}"
EndProject
Project("{8BC9CEB8-8B4A-11D0-8D11-00A0C91BC942}") = "10844", "10844\10844.vcxproj", "{1AAA3E7E-EB58-48A8-9C25-869CEAF77F1B}"
EndProject
Project("{8BC9CEB8-8B4A-11D0-8D11-00A0C91BC942}") = "1890", "1890\1890.vcxproj", "{BF06F5A8-030A-4870-8505-A0334E0336D5}"
EndProject
Project("{8BC9CEB8-8B4A-11D0-8D11-00A0C91BC942}") = "2156", "2156\2156.vcxproj", "{04BCAA73-E712-4D80-AA88-57EB918602F4}"
EndProject
Global
	GlobalSection(SolutionConfigurationPlatforms) = preSolution
		Debug|x64 = Debug|x64
		Debug|x86 = Debug|x86
		Release|x64 = Release|x64
		Release|x86 = Release|x86
	EndGlobalSection
	GlobalSection(ProjectConfigurationPlatforms) = postSolution
		{E86C581C-684E-4B10-918E-E5B32CE43155}.Debug|x64.ActiveCfg = Debug|x64
		{E86C581C-684E-4B10-918E-E5B32CE43155}.Debug|x64.Build.0 = Debug|x64
		{E86C581C-684E-4B10-918E-E5B32CE43155}.Debug|x86.ActiveCfg = Debug|Win32
		{E86C581C-684E-4B10-918E-E5B32CE43155}.Debug|x86.Build.0 = Debug|Win32
		{E86C581C-684E-4B10-918E-E5B32CE43155}.Release|x64.ActiveCfg = Release|x64
		{E86C581C-684E-4B10-918E-E5B32CE43155}.Release|x64.Build.0 = Release|x64
		{E86C581C-684E-4B10-918E-E5B32CE43155}.Release|x86.ActiveCfg = Release|Win32
		{E86C581C-684E-4B10-918E-E5B32CE43155}.Release|x86.Build.0 = Release|Win32
		{8B7DE939-9806-4991-82EC-83EFE4AD1550}.Debug|x64.ActiveCfg = Debug|x64
		{8B7DE939-9806-4991-82EC-83EFE4AD1550}.Debug|x64.Build.0 = Debug|x64
		{8B7DE939-9806-4991-82EC-83EFE4AD1550}.Debug|x86.ActiveCfg = Debug|Win32
		{8B7DE939-9806-4991-82EC-83EFE4AD1550}.Debug|x86.Build.0 = Debug|Win32
		{8B7DE939-9806-4991-82EC-83EFE4AD1550}.Release|x64.ActiveCfg = Release|x64
		{8B7DE939-9806-4991-82EC-83EFE4AD1550}.Release|x64.Build.0 = Release|x64
		{8B7DE939-9806-4991-82EC-83EFE4AD1550}.Release|x86.ActiveCfg = Release|Win32
		{8B7DE939-9806-4991-82EC-83EFE4AD1550}.Release|x86.Build.0 = Release|Win32
		{D6CDD687-79E4-4F21-9981-0297C14F2DDB}.Debug|x64.ActiveCfg = Debug|x64
		{D6CDD687-79E4-4F21-9981-0297C14F2DDB}.Debug|x64.Build.0 = Debug|x64
		{D6CDD687-79E4-4F21-9981-0297C14F2DDB}.Debug|x86.ActiveCfg = Debug|Win32
		{D6CDD687-79E4-4F21-9981-0297C14F2DDB}.Debug|x86.Build.0 = Debug|Win32
		{D6CDD687-79E4-4F21-9981-0297C14F2DDB}.Release|x64.ActiveCfg = Release|x64
		{D6CDD687-79E4-4F21-9981-0297C14F2DDB}.Release|x64.Build.0 = Release|x64
		{D6CDD687-79E4-4F21-9981-0297C14F2DDB}.Release|x86.ActiveCfg = Release|Win32
		{D6CDD687-79E4-4F21-9981-0297C14F2DDB}.Release|x86.Build.0 = Release|Win32
		{07D8E4EF-8A01-4C85-8F8E-015BAFACA611}.Debug|x64.ActiveCfg = Debug|x64
		{07D8E4EF-8A01-4C85-8F8E-015BAFACA611}.Debug|x64.Build.0 = Debug|x64
		{07D8E4EF-8A01-4C85-8F8E-015BAFACA611}.Debug|x86.ActiveCfg = Debug|Win32
		{07D8E4EF-8A01-4C85-8F8E-015BAFACA611}.Debug|x86.Build.0 = Debug|Win32
		{07D8E4EF-8A01-4C85-8F8E-015BAFACA611}.Release|x64.ActiveCfg = Release|x64
		{07D8E4EF-8A01-4C85-8F8E-015BAFACA611}.Release|x64.Build.0 = Release|x64
		{07D8E4EF-8A01-4C85-8F8E-015BAFACA611}.Release|x86.ActiveCfg = Release|Win32
		{07D8E4EF-8A01-4C85-8F8E-015BAFACA611}.Release|x86.Build.0 = Release|Win32
		{E585059A-CF60-4EF3-ADD7-7D5189A39ACA}.Debug|x64.ActiveCfg = Debug|x64
		{E585059A-CF60-4EF3-ADD7-7D5189A39ACA}.Debug|x64.Build.0 = Debug|x64
		{E585059A-CF60-4EF3-ADD7-7D5189A39ACA}.Debug|x86.ActiveCfg = Debug|Win32
		{E585059A-CF60-4EF3-ADD7-7D5189A39ACA}.Debug|x86.Build.0 = Debug|Win32
		{E585059A-CF60-4EF3-ADD7-7D5189A39ACA}.Release|x64.ActiveCfg = Release|x64
		{E585059A-CF60-4EF3-ADD7-7D5189A39ACA}.Release|x64.Build.0 = Release|x64
		{E585059A-CF60-4EF3-ADD7-7D5189A39ACA}.Release|x86.ActiveCfg = Release|Win32
		{E585059A-CF60-4EF3-ADD7-7D5189A39ACA}.Release|x86.Build.0 = Release|Win32
		{1D649C3A-4716-48AA-9397-5E8918A95F5E}.Debug|x64.ActiveCfg = Debug|x64
		{1D649C3A-4716-48AA-9397-5E8918A95F5E}.Debug|x64.Build.0 = Debug|x64
		{1D649C3A-4716-48AA-9397-5E8918A95F5E}.Debug|x86.ActiveCfg = Debug|Win32
		{1D649C3A-4716-48AA-9397-5E8918A95F5E}.Debug|x86.Build.0 = Debug|Win32
		{1D649C3A-4716-48AA-9397-5E8918A95F5E}.Release|x64.ActiveCfg = Release|x64
		{1D649C3A-4716-48AA-9397-5E8918A95F5E}.Release|x64.Build.0 = Release|x64
		{1D649C3A-4716-48AA-9397-5E8918A95F5E}.Release|x86.ActiveCfg = Release|Win32
		{1D649C3A-4716-48AA-9397-5E8918A95F5E}.Release|x86.Build.0 = Release|Win32
		{EC1B1BB8-2EA7-4EF7-B463-7F407C80BCA0}.Debug|x64.ActiveCfg = Debug|x64
		{EC1B1BB8-2EA7-4EF7-B463-7F407C80BCA0}.Debug|x64.Build.0 = Debug|x64
		{EC1B1BB8-2EA7-4EF7-B463-7F407C80BCA0}.Debug|x86.ActiveCfg = Debug|Win32
		{EC1B1BB8-2EA7-4EF7-B463-7F407C80BCA0}.Debug|x86.Build.0 = Debug|Win32
		{EC1B1BB8-2EA7-4EF7-B463-7F407C80BCA0}.Release|x64.ActiveCfg = Release|x64
		{EC1B1BB8-2EA7-4EF7-B463-7F407C80BCA0}.Release|x64.Build.0 = Release|x64
		{EC1B1BB8-2EA7-4EF7-B463-7F407C80BCA0}.Release|x86.ActiveCfg = Release|Win32
		{EC1B1BB8-2EA7-4EF7-B463-7F407C80BCA0}.Release|x86.Build.0 = Release|Win32
		{83E420BD-9BA4-401C-B79C-985E8133ECDA}.Debug|x64.ActiveCfg = Debug|x64
		{83E420BD-9BA4-401C-B79C-985E8133ECDA}.Debug|x64.Build.0 = Debug|x64
		{83E420BD-9BA4-401C-B79C-985E8133ECDA}.Debug|x86.ActiveCfg = Debug|Win32
		{83E420BD-9BA4-401C-B79C-985E8133ECDA}.Debug|x86.Build.0 = Debug|Win32
		{83E420BD-9BA4-401C-B79C-985E8133ECDA}.Release|x64.ActiveCfg = Release|x64
		{83E420BD-9BA4-401C-B79C-985E8133ECDA}.Release|x64.Build.0 = Release|x64
		{83E420BD-9BA4-401C-B79C-985E8133ECDA}.Release|x86.ActiveCfg = Release|Win32
		{83E420BD-9BA4-401C-B79C-985E8133ECDA}.Release|x86.Build.0 = Release|Win32
		{74358AF1-DD1E-4790-806B-4B7C76FDA4F3}.Debug|x64.ActiveCfg = Debug|x64
		{74358AF1-DD1E-4790-806B-4B7C76FDA4F3}.Debug|x64.Build.0 = Debug|x64
		{74358AF1-DD1E-4790-806B-4B7C76FDA4F3}.Debug|x86.ActiveCfg = Debug|Win32
		{74358AF1-DD1E-4790-806B-4B7C76FDA4F3}.Debug|x86.Build.0 = Debug|Win32
		{74358AF1-DD1E-4790-806B-4B7C76FDA4F3}.Release|x64.ActiveCfg = Release|x64
		{74358AF1-DD1E-4790-806B-4B7C76FDA4F3}.Release|x64.Build.0 = Release|x64
		{74358AF1-DD1E-4790-806B-4B7C76FDA4F3}.Release|x86.ActiveCfg = Release|Win32
		{74358AF1-DD1E-4790-806B-4B7C76FDA4F3}.Release|x86.Build.0 = Release|Win32
		{348AA015-A1CE-4986-B6F8-217B62EEEC85}.Debug|x64.ActiveCfg = Debug|x64
		{348AA015-A1CE-4986-B6F8-217B62EEEC85}.Debug|x64.Build.0 = Debug|x64
		{348AA015-A1CE-4986-B6F8-217B62EEEC85}.Debug|x86.ActiveCfg = Debug|Win32
		{348AA015-A1CE-4986-B6F8-217B62EEEC85}.Debug|x86.Build.0 = Debug|Win32
		{348AA015-A1CE-4986-B6F8-217B62EEEC85}.Release|x64.ActiveCfg = Release|x64
		{348AA015-A1CE-4986-B6F8-217B62EEEC85}.Release|x64.Build.0 = Release|x64
		{348AA015-A1CE-4986-B6F8-217B62EEEC85}.Release|x86.ActiveCfg = Release|Win32
		{348AA015-A1CE-4986-B6F8-217B62EEEC85}.Release|x86.Build.0 = Release|Win32
		{D1B878AE-294C-4041-AC34-84B36A319697}.Debug|x64.ActiveCfg = Debug|x64
		{D1B878AE-294C-4041-AC34-84B36A319697}.Debug|x64.Build.0 = Debug|x64
		{D1B878AE-294C-4041-AC34-84B36A319697}.Debug|x86.ActiveCfg = Debug|Win32
		{D1B878AE-294C-4041-AC34-84B36A319697}.Debug|x86.Build.0 = Debug|Win32
		{D1B878AE-294C-4041-AC34-84B36A319697}.Release|x64.ActiveCfg = Release|x64
		{D1B878AE-294C-4041-AC34-84B36A319697}.Release|x64.Build.0 = Release|x64
		{D1B878AE-294C-4041-AC34-84B36A319697}.Release|x86.ActiveCfg = Release|Win32
		{D1B878AE-294C-4041-AC34-84B36A319697}.Release|x86.Build.0 = Release|Win32
		{C72870A4-3473-4D75-B813-20538B14136C}.Debug|x64.ActiveCfg = Debug|x64
		{C72870A4-3473-4D75-B813-20538B14136C}.Debug|x64.Build.0 = Debug|x64
		{C72870A4-3473-4D75-B813-20538B14136C}.Debug|x86.ActiveCfg = Debug|Win32
		{C72870A4-3473-4D75-B813-20538B14136C}.Debug|x86.Build.0 = Debug|Win32
		{C72870A4-3473-4D75-B813-20538B14136C}.Release|x64.ActiveCfg = Release|x64
		{C72870A4-3473-4D75-B813-20538B14136C}.Release|x64.Build.0 = Release|x64
		{C72870A4-3473-4D75-B813-20538B14136C}.Release|x86.ActiveCfg = Release|Win32
		{C72870A4-3473-4D75-B813-20538B14136C}.Release|x86.Build.0 = Release|Win32
		{1852DAE7-538A-4DE4-BEAA-E834E83F4A8C}.Debug|x64.ActiveCfg = Debug|x64
		{1852DAE7-538A-4DE4-BEAA-E834E83F4A8C}.Debug|x64.Build.0 = Debug|x64
		{1852DAE7-538A-4DE4-BEAA-E834E83F4A8C}.Debug|x86.ActiveCfg = Debug|Win32
		{1852DAE7-538A-4DE4-BEAA-E834E83F4A8C}.Debug|x86.Build.0 = Debug|Win32
		{1852DAE7-538A-4DE4-BEAA-E834E83F4A8C}.Release|x64.ActiveCfg = Release|x64
		{1852DAE7-538A-4DE4-BEAA-E834E83F4A8C}.Release|x64.Build.0 = Release|x64
		{1852DAE7-538A-4DE4-BEAA-E834E83F4A8C}.Release|x86.ActiveCfg = Release|Win32
		{1852DAE7-538A-4DE4-BEAA-E834E83F4A8C}.Release|x86.Build.0 = Release|Win32
		{BCD63CC0-8D90-4B45-A746-64ED48C7BDC5}.Debug|x64.ActiveCfg = Debug|x64
		{BCD63CC0-8D90-4B45-A746-64ED48C7BDC5}.Debug|x64.Build.0 = Debug|x64
		{BCD63CC0-8D90-4B45-A746-64ED48C7BDC5}.Debug|x86.ActiveCfg = Debug|Win32
		{BCD63CC0-8D90-4B45-A746-64ED48C7BDC5}.Debug|x86.Build.0 = Debug|Win32
		{BCD63CC0-8D90-4B45-A746-64ED48C7BDC5}.Release|x64.ActiveCfg = Release|x64
		{BCD63CC0-8D90-4B45-A746-64ED48C7BDC5}.Release|x64.Build.0 = Release|x64
		{BCD63CC0-8D90-4B45-A746-64ED48C7BDC5}.Release|x86.ActiveCfg = Release|Win32
		{BCD63CC0-8D90-4B45-A746-64ED48C7BDC5}.Release|x86.Build.0 = Release|Win32
		{8D7B444F-CD0C-434A-827B-D86981705168}.Debug|x64.ActiveCfg = Debug|x64
		{8D7B444F-CD0C-434A-827B-D86981705168}.Debug|x64.Build.0 = Debug|x64
		{8D7B444F-CD0C-434A-827B-D86981705168}.Debug|x86.ActiveCfg = Debug|Win32
		{8D7B444F-CD0C-434A-827B-D86981705168}.Debug|x86.Build.0 = Debug|Win32
		{8D7B444F-CD0C-434A-827B-D86981705168}.Release|x64.ActiveCfg = Release|x64
		{8D7B444F-CD0C-434A-827B-D86981705168}.Release|x64.Build.0 = Release|x64
		{8D7B444F-CD0C-434A-827B-D86981705168}.Release|x86.ActiveCfg = Release|Win32
		{8D7B444F-CD0C-434A-827B-D86981705168}.Release|x86.Build.0 = Release|Win32
		{9C3A00DB-DFB3-4463-83B3-E051036D57A0}.Debug|x64.ActiveCfg = Debug|x64
		{9C3A00DB-DFB3-4463-83B3-E051036D57A0}.Debug|x64.Build.0 = Debug|x64
		{9C3A00DB-DFB3-4463-83B3-E051036D57A0}.Debug|x86.ActiveCfg = Debug|Win32
		{9C3A00DB-DFB3-4463-83B3-E051036D57A0}.Debug|x86.Build.0 = Debug|Win32
		{9C3A00DB-DFB3-4463-83B3-E051036D57A0}.Release|x64.ActiveCfg = Release|x64
		{9C3A00DB-DFB3-4463-83B3-E051036D57A0}.Release|x64.Build.0 = Release|x64
		{9C3A00DB-DFB3-4463-83B3-E051036D57A0}.Release|x86.ActiveCfg = Release|Win32
		{9C3A00DB-DFB3-4463-83B3-E051036D57A0}.Release|x86.Build.0 = Release|Win32
		{2D553521-B71A-49BF-8C4E-AE6CA0EA6711}.Debug|x64.ActiveCfg = Debug|x64
		{2D553521-B71A-49BF-8C4E-AE6CA0EA6711}.Debug|x64.Build.0 = Debug|x64
		{2D553521-B71A-49BF-8C4E-AE6CA0EA6711}.Debug|x86.ActiveCfg = Debug|Win32
		{2D553521-B71A-49BF-8C4E-AE6CA0EA6711}.Debug|x86.Build.0 = Debug|Win32
		{2D553521-B71A-49BF-8C4E-AE6CA0EA6711}.Release|x64.ActiveCfg = Release|x64
		{2D553521-B71A-49BF-8C4E-AE6CA0EA6711}.Release|x64.Build.0 = Release|x64
		{2D553521-B71A-49BF-8C4E-AE6CA0EA6711}.Release|x86.ActiveCfg = Release|Win32
		{2D553521-B71A-49BF-8C4E-AE6CA0EA6711}.Release|x86.Build.0 = Release|Win32
		{61C38740-4B14-4600-A840-412A8E07C758}.Debug|x64.ActiveCfg = Debug|x64
		{61C38740-4B14-4600-A840-412A8E07C758}.Debug|x64.Build.0 = Debug|x64
		{61C38740-4B14-4600-A840-412A8E07C758}.Debug|x86.ActiveCfg = Debug|Win32
		{61C38740-4B14-4600-A840-412A8E07C758}.Debug|x86.Build.0 = Debug|Win32
		{61C38740-4B14-4600-A840-412A8E07C758}.Release|x64.ActiveCfg = Release|x64
		{61C38740-4B14-4600-A840-412A8E07C758}.Release|x64.Build.0 = Release|x64
		{61C38740-4B14-4600-A840-412A8E07C758}.Release|x86.ActiveCfg = Release|Win32
		{61C38740-4B14-4600-A840-412A8E07C758}.Release|x86.Build.0 = Release|Win32
		{D1D3E74F-154F-44AE-BC5B-7494F4AF8FAB}.Debug|x64.ActiveCfg = Debug|x64
		{D1D3E74F-154F-44AE-BC5B-7494F4AF8FAB}.Debug|x64.Build.0 = Debug|x64
		{D1D3E74F-154F-44AE-BC5B-7494F4AF8FAB}.Debug|x86.ActiveCfg = Debug|Win32
		{D1D3E74F-154F-44AE-BC5B-7494F4AF8FAB}.Debug|x86.Build.0 = Debug|Win32
		{D1D3E74F-154F-44AE-BC5B-7494F4AF8FAB}.Release|x64.ActiveCfg = Release|x64
		{D1D3E74F-154F-44AE-BC5B-7494F4AF8FAB}.Release|x64.Build.0 = Release|x64
		{D1D3E74F-154F-44AE-BC5B-7494F4AF8FAB}.Release|x86.ActiveCfg = Release|Win32
		{D1D3E74F-154F-44AE-BC5B-7494F4AF8FAB}.Release|x86.Build.0 = Release|Win32
		{D2281AF8-30DD-4C84-A027-1056C401A10F}.Debug|x64.ActiveCfg = Debug|x64
		{D2281AF8-30DD-4C84-A027-1056C401A10F}.Debug|x64.Build.0 = Debug|x64
		{D2281AF8-30DD-4C84-A027-1056C401A10F}.Debug|x86.ActiveCfg = Debug|Win32
		{D2281AF8-30DD-4C84-A027-1056C401A10F}.Debug|x86.Build.0 = Debug|Win32
		{D2281AF8-30DD-4C84-A027-1056C401A10F}.Release|x64.ActiveCfg = Release|x64
		{D2281AF8-30DD-4C84-A027-1056C401A10F}.Release|x64.Build.0 = Release|x64
		{D2281AF8-30DD-4C84-A027-1056C401A10F}.Release|x86.ActiveCfg = Release|Win32
		{D2281AF8-30DD-4C84-A027-1056C401A10F}.Release|x86.Build.0 = Release|Win32
		{B4C7B777-46BA-4D41-A196-B7C8A0B82237}.Debug|x64.ActiveCfg = Debug|x64
		{B4C7B777-46BA-4D41-A196-B7C8A0B82237}.Debug|x64.Build.0 = Debug|x64
		{B4C7B777-46BA-4D41-A196-B7C8A0B82237}.Debug|x86.ActiveCfg = Debug|Win32
		{B4C7B777-46BA-4D41-A196-B7C8A0B82237}.Debug|x86.Build.0 = Debug|Win32
		{B4C7B777-46BA-4D41-A196-B7C8A0B82237}.Release|x64.ActiveCfg = Release|x64
		{B4C7B777-46BA-4D41-A196-B7C8A0B82237}.Release|x64.Build.0 = Release|x64
		{B4C7B777-46BA-4D41-A196-B7C8A0B82237}.Release|x86.ActiveCfg = Release|Win32
		{B4C7B777-46BA-4D41-A196-B7C8A0B82237}.Release|x86.Build.0 = Release|Win32
		{A5AC9B79-77DC-405B-AC1F-9D891BF902F3}.Debug|x64.ActiveCfg = Debug|x64
		{A5AC9B79-77DC-405B-AC1F-9D891BF902F3}.Debug|x64.Build.0 = Debug|x64
		{A5AC9B79-77DC-405B-AC1F-9D891BF902F3}.Debug|x86.ActiveCfg = Debug|Win32
		{A5AC9B79-77DC-405B-AC1F-9D891BF902F3}.Debug|x86.Build.0 = Debug|Win32
		{A5AC9B79-77DC-405B-AC1F-9D891BF902F3}.Release|x64.ActiveCfg = Release|x64
		{A5AC9B79-77DC-405B-AC1F-9D891BF902F3}.Release|x64.Build.0 = Release|x64
		{A5AC9B79-77DC-405B-AC1F-9D891BF902F3}.Release|x86.ActiveCfg = Release|Win32
		{A5AC9B79-77DC-405B-AC1F-9D891BF902F3}.Release|x86.Build.0 = Release|Win32
		{1AAA3E7E-EB58-48A8-9C25-869CEAF77F1B}.Debug|x64.ActiveCfg = Debug|x64
		{1AAA3E7E-EB58-48A8-9C25-869CEAF77F1B}.Debug|x64.Build.0 = Debug|x64
		{1AAA3E7E-EB58-48A8-9C25-869CEAF77F1B}.Debug|x86.ActiveCfg = Debug|Win32
		{1AAA3E7E-EB58-48A8-9C25-869CEAF77F1B}.Debug|x86.Build.0 = Debug|Win32
		{1AAA3E7E-EB58-48A8-9C25-869CEAF77F1B}.Release|x64.ActiveCfg = Release|x64
		{1AAA3E7E-EB58-48A8-9C25-869CEAF77F1B}.Release|x64.Build.0 = Release|x64
		{1AAA3E7E-EB58-48A8-9C25-869CEAF77F1B}.Release|x86.ActiveCfg = Release|Win32
		{1AAA3E7E-EB58-48A8-9C25-869CEAF77F1B}.Release|x86.Build.0 = Release|Win32
		{BF06F5A8-030A-4870-8505-A0334E0336D5}.Debug|x64.ActiveCfg = Debug|x64
		{BF06F5A8-030A-4870-8505-A0334E0336D5}.Debug|x64.Build.0 = Debug|x64
		{BF06F5A8-030A-4870-8505-A0334E0336D5}.Debug|x86.ActiveCfg = Debug|Win32
		{BF06F5A8-030A-4870-8505-A0334E0336D5}.Debug|x86.Build.0 = Debug|Win32
		{BF06F5A8-030A-4870-8505-A0334E0336D5}.Release|x64.ActiveCfg = Release|x64
		{BF06F5A8-030A-4870-8505-A0334E0336D5}.Release|x64.Build.0 = Release|x64
		{BF06F5A8-030A-4870-8505-A0334E0336D5}.Release|x86.ActiveCfg = Release|Win32
		{BF06F5A8-030A-4870-8505-A0334E0336D5}.Release|x86.Build.0 = Release|Win32
		{04BCAA73-E712-4D80-AA88-57EB918602F4}.Debug|x64.ActiveCfg = Debug|x64
		{04BCAA73-E712-4D80-AA88-57EB918602F4}.Debug|x64.Build.0 = Debug|x64
		{04BCAA73-E712-4D80-AA88-57EB918602F4}.Debug|x86.ActiveCfg = Debug|Win32
		{04BCAA73-E712-4D80-AA88-57EB918602F4}.Debug|x86.Build.0 = Debug|Win32
		{04BCAA73-E712-4D80-AA88-57EB918602F4}.Release|x64.ActiveCfg = Release|x64
		{04BCAA73-E712-4D80-AA88-57EB918602F4}.Release|x64.Build.0 = Release|x64
		{04BCAA73-E712-4D80-AA88-57EB918602F4}.Release|x86.ActiveCfg = Release|Win32
		{04BCAA73-E712-4D80-AA88-57EB918602F4}.Release|x86.Build.0 = Release|Win32
	EndGlobalSection
	GlobalSection(SolutionProperties) = preSolution
		HideSolutionNode = FALSE
	EndGlobalSection
	GlobalSection(ExtensibilityGlobals) = postSolution
		SolutionGuid = {A6DE01AC-0FCA-484F-8699-DAC9243F8796}
	EndGlobalSection
EndGlobal
