
Microsoft Visual Studio Solution File, Format Version 12.00
# Visual Studio Version 17
VisualStudioVersion = 17.7.34031.279
MinimumVisualStudioVersion = 10.0.40219.1
Project("{8BC9CEB8-8B4A-11D0-8D11-00A0C91BC942}") = "Kong", "Kong\Kong.vcxproj", "{E86C581C-684E-4B10-918E-E5B32CE43155}"
EndProject
Project("{8BC9CEB8-8B4A-11D0-8D11-00A0C91BC942}") = "18258", "18258\18258.vcxproj", "{8B7DE939-9806-4991-82EC-83EFE4AD1550}"
EndProject
Project("{8BC9CEB8-8B4A-11D0-8D11-00A0C91BC942}") = "10828", "10828\10828.vcxproj", "{D6CDD687-79E4-4F21-9981-0297C14F2DDB}"
EndProject
Project("{8BC9CEB8-8B4A-11D0-8D11-00A0C91BC942}") = "9012", "9012\9012.vcxproj", "{07D8E4EF-8A01-4C85-8F8E-015BAFACA611}"
EndProject
Project("{8BC9CEB8-8B4A-11D0-8D11-00A0C91BC942}") = "10799", "10799\10799.vcxproj", "{E585059A-CF60-4EF3-ADD7-7D5189A39ACA}"
EndProject
Project("{8BC9CEB8-8B4A-11D0-8D11-00A0C91BC942}") = "1620", "1620\1620.vcxproj", "{1D649C3A-4716-48AA-9397-5E8918A95F5E}"
EndProject
Project("{8BC9CEB8-8B4A-11D0-8D11-00A0C91BC942}") = "14425", "14425\14425.vcxproj", "{EC1B1BB8-2EA7-4EF7-B463-7F407C80BCA0}"
EndProject
Project("{8BC9CEB8-8B4A-11D0-8D11-00A0C91BC942}") = "4358", "4358\4358.vcxproj", "{83E420BD-9BA4-401C-B79C-985E8133ECDA}"
EndProject
Project("{8BC9CEB8-8B4A-11D0-8D11-00A0C91BC942}") = "2075", "2075\2075.vcxproj", "{74358AF1-DD1E-4790-806B-4B7C76FDA4F3}"
EndProject
Project("{8BC9CEB8-8B4A-11D0-8D11-00A0C91BC942}") = "11725", "11725\11725.vcxproj", "{348AA015-A1CE-4986-B6F8-217B62EEEC85}"
EndProject
Project("{8BC9CEB8-8B4A-11D0-8D11-00A0C91BC942}") = "9934", "9934\9934.vcxproj", "{D1B878AE-294C-4041-AC34-84B36A319697}"
EndProject
Project("{8BC9CEB8-8B4A-11D0-8D11-00A0C91BC942}") = "1463", "1463\1463.vcxproj", "{C72870A4-3473-4D75-B813-20538B14136C}"
EndProject
Project("{8BC9CEB8-8B4A-11D0-8D11-00A0C91BC942}") = "2579", "2579\2579.vcxproj", "{1852DAE7-538A-4DE4-BEAA-E834E83F4A8C}"
EndProject
Project("{8BC9CEB8-8B4A-11D0-8D11-00A0C91BC942}") = "11726", "11726\11726.vcxproj", "{BCD63CC0-8D90-4B45-A746-64ED48C7BDC5}"
EndProject
Project("{8BC9CEB8-8B4A-11D0-8D11-00A0C91BC942}") = "17626", "17626\17626.vcxproj", "{8D7B444F-CD0C-434A-827B-D86981705168}"
EndProject
Project("{8BC9CEB8-8B4A-11D0-8D11-00A0C91BC942}") = "11727", "11727\11727.vcxproj", "{9C3A00DB-DFB3-4463-83B3-E051036D57A0}"
EndProject
Project("{8BC9CEB8-8B4A-11D0-8D11-00A0C91BC942}") = "9095", "9095\9095.vcxproj", "{2D553521-B71A-49BF-8C4E-AE6CA0EA6711}"
EndProject
Project("{8BC9CEB8-8B4A-11D0-8D11-00A0C91BC942}") = "1912", "1912\1912.vcxproj", "{61C38740-4B14-4600-A840-412A8E07C758}"
EndProject
Project("{8BC9CEB8-8B4A-11D0-8D11-00A0C91BC942}") = "11053", "11053\11053.vcxproj", "{D1D3E74F-154F-44AE-BC5B-7494F4AF8FAB}"
EndProject
Project("{8BC9CEB8-8B4A-11D0-8D11-00A0C91BC942}") = "22857", "22857\22857.vcxproj", "{D2281AF8-30DD-4C84-A027-1056C401A10F}"
EndProject
Project("{8BC9CEB8-8B4A-11D0-8D11-00A0C91BC942}") = "11055", "11055\11055.vcxproj", "{B4C7B777-46BA-4D41-A196-B7C8A0B82237}"
EndProject
Project("{8BC9CEB8-8B4A-11D0-8D11-00A0C91BC942}") = "21317", "21317\21317.vcxproj", "{A5AC9B79-77DC-405B-AC1F-9D891BF902F3}"
EndProject
Project("{8BC9CEB8-8B4A-11D0-8D11-00A0C91BC942}") = "10844", "10844\10844.vcxproj", "{1AAA3E7E-EB58-48A8-9C25-869CEAF77F1B}"
EndProject
Project("{8BC9CEB8-8B4A-11D0-8D11-00A0C91BC942}") = "1890", "1890\1890.vcxproj", "{BF06F5A8-030A-4870-8505-A0334E0336D5}"
EndProject
Project("{8BC9CEB8-8B4A-11D0-8D11-00A0C91BC942}") = "2156", "2156\2156.vcxproj", "{04BCAA73-E712-4D80-AA88-57EB918602F4}"
EndProject
Project("{8BC9CEB8-8B4A-11D0-8D11-00A0C91BC942}") = "22869", "22869\22869.vcxproj", "{099F828E-219A-43BC-93F9-A33F965DB9B6}"
EndProject
Project("{8BC9CEB8-8B4A-11D0-8D11-00A0C91BC942}") = "11660", "11660\11660.vcxproj", "{C015F44D-FE11-42F4-BE05-1D51A9696197}"
EndProject
Project("{8BC9CEB8-8B4A-11D0-8D11-00A0C91BC942}") = "9465", "9465\9465.vcxproj", "{9742924E-A705-425E-BB61-0EA8124F08F0}"
EndProject
Project("{8BC9CEB8-8B4A-11D0-8D11-00A0C91BC942}") = "15724", "15724\15724.vcxproj", "{5BCCCBA8-84B6-4B51-A603-73F2A2A03B5B}"
EndProject
Project("{8BC9CEB8-8B4A-11D0-8D11-00A0C91BC942}") = "11728", "11728\11728.vcxproj", "{6F1D2FFF-99AB-4A2E-A097-CE766B3060B5}"
EndProject
Project("{8BC9CEB8-8B4A-11D0-8D11-00A0C91BC942}") = "21921", "21921\21921.vcxproj", "{74A60079-2EA9-4DEA-9977-B30A7D3330BF}"
EndProject
Project("{8BC9CEB8-8B4A-11D0-8D11-00A0C91BC942}") = "20922", "20922\20922.vcxproj", "{1A878D41-B785-4D63-B446-F3AF7A79A557}"
EndProject
Project("{8BC9CEB8-8B4A-11D0-8D11-00A0C91BC942}") = "2606", "2606\2606.vcxproj", "{89CF2ACD-95E8-4030-B8A3-DE6B80816779}"
EndProject
Project("{8BC9CEB8-8B4A-11D0-8D11-00A0C91BC942}") = "1260", "1260\1260.vcxproj", "{FC65D9C9-F499-468D-8152-397117947D35}"
EndProject
Project("{8BC9CEB8-8B4A-11D0-8D11-00A0C91BC942}") = "1325", "1325\1325.vcxproj", "{8C2F3DD3-A18C-413E-A6BC-50D518230031}"
EndProject
Project("{8BC9CEB8-8B4A-11D0-8D11-00A0C91BC942}") = "14940", "14940\14940.vcxproj", "{6372845B-6491-40A1-B33A-6B09B7C02499}"
EndProject
Project("{8BC9CEB8-8B4A-11D0-8D11-00A0C91BC942}") = "16918", "16918\16918.vcxproj", "{26106540-127E-486F-BD9D-061D92F39438}"
EndProject
Project("{8BC9CEB8-8B4A-11D0-8D11-00A0C91BC942}") = "13549", "13549\13549.vcxproj", "{91F42BC9-83F6-4BAE-9BC5-9AD86471DC1F}"
EndProject
Project("{8BC9CEB8-8B4A-11D0-8D11-00A0C91BC942}") = "1717", "1717\1717.vcxproj", "{3E4DB479-729A-4BB3-8E72-DC02237E27BC}"
EndProject
Project("{8BC9CEB8-8B4A-11D0-8D11-00A0C91BC942}") = "18116", "18116\18116.vcxproj", "{C9616FB5-BBC4-44E9-8A64-FF66FFB5F760}"
EndProject
Project("{8BC9CEB8-8B4A-11D0-8D11-00A0C91BC942}") = "2470", "2470\2470.vcxproj", "{45A1278F-7BEC-4767-B70C-A1AF4BE9AFFB}"
EndProject
Project("{8BC9CEB8-8B4A-11D0-8D11-00A0C91BC942}") = "16937", "16937\16937.vcxproj", "{7CECE569-1E7B-4D29-913D-8E4249BFC56F}"
EndProject
Project("{8BC9CEB8-8B4A-11D0-8D11-00A0C91BC942}") = "14501", "14501\14501.vcxproj", "{B7D2CF3A-1D69-4B70-B10D-049AC19502D0}"
EndProject
Project("{8BC9CEB8-8B4A-11D0-8D11-00A0C91BC942}") = "14620", "14620\14620.vcxproj", "{F9C62A32-F051-4586-9251-A15784FCFD82}"
EndProject
Project("{8BC9CEB8-8B4A-11D0-8D11-00A0C91BC942}") = "9079", "9079\9079.vcxproj", "{99D89238-A75B-43DE-A094-D491CF86766E}"
EndProject
Project("{8BC9CEB8-8B4A-11D0-8D11-00A0C91BC942}") = "15649", "15649\15649.vcxproj", "{3DAFDA29-28C0-45D1-A459-DBE1E685F413}"
EndProject
Project("{8BC9CEB8-8B4A-11D0-8D11-00A0C91BC942}") = "15663", "15663\15663.vcxproj", "{80393911-CBE7-4EA9-B8FD-9E72978EA3C8}"
EndProject
Project("{8BC9CEB8-8B4A-11D0-8D11-00A0C91BC942}") = "1182", "1182\1182.vcxproj", "{37E20A18-50FF-4AF3-A3F5-FA463E4793A3}"
EndProject
Project("{8BC9CEB8-8B4A-11D0-8D11-00A0C91BC942}") = "15656", "15656\15656.vcxproj", "{5430FD7D-AEBD-47DD-B177-3074D078EF7F}"
EndProject
Project("{8BC9CEB8-8B4A-11D0-8D11-00A0C91BC942}") = "15657", "15657\15657.vcxproj", "{4CDB5E0D-C44F-47D6-9A49-C048BA1A7A1E}"
EndProject
Project("{8BC9CEB8-8B4A-11D0-8D11-00A0C91BC942}") = "15665", "15665\15665.vcxproj", "{E211FEF6-B9F6-4F92-BA8A-2656250D8FC1}"
EndProject
Project("{8BC9CEB8-8B4A-11D0-8D11-00A0C91BC942}") = "15664", "15664\15664.vcxproj", "{F1BCA76D-E38B-4353-9198-604C142F9E66}"
EndProject
Project("{8BC9CEB8-8B4A-11D0-8D11-00A0C91BC942}") = "15666", "15666\15666.vcxproj", "{95CF1459-9B30-4ECA-9313-5BEE2EC5A34D}"
EndProject
Global
	GlobalSection(SolutionConfigurationPlatforms) = preSolution
		Debug|x64 = Debug|x64
		Debug|x86 = Debug|x86
		Release|x64 = Release|x64
		Release|x86 = Release|x86
	EndGlobalSection
	GlobalSection(ProjectConfigurationPlatforms) = postSolution
		{E86C581C-684E-4B10-918E-E5B32CE43155}.Debug|x64.ActiveCfg = Debug|x64
		{E86C581C-684E-4B10-918E-E5B32CE43155}.Debug|x64.Build.0 = Debug|x64
		{E86C581C-684E-4B10-918E-E5B32CE43155}.Debug|x86.ActiveCfg = Debug|Win32
		{E86C581C-684E-4B10-918E-E5B32CE43155}.Debug|x86.Build.0 = Debug|Win32
		{E86C581C-684E-4B10-918E-E5B32CE43155}.Release|x64.ActiveCfg = Release|x64
		{E86C581C-684E-4B10-918E-E5B32CE43155}.Release|x64.Build.0 = Release|x64
		{E86C581C-684E-4B10-918E-E5B32CE43155}.Release|x86.ActiveCfg = Release|Win32
		{E86C581C-684E-4B10-918E-E5B32CE43155}.Release|x86.Build.0 = Release|Win32
		{8B7DE939-9806-4991-82EC-83EFE4AD1550}.Debug|x64.ActiveCfg = Debug|x64
		{8B7DE939-9806-4991-82EC-83EFE4AD1550}.Debug|x64.Build.0 = Debug|x64
		{8B7DE939-9806-4991-82EC-83EFE4AD1550}.Debug|x86.ActiveCfg = Debug|Win32
		{8B7DE939-9806-4991-82EC-83EFE4AD1550}.Debug|x86.Build.0 = Debug|Win32
		{8B7DE939-9806-4991-82EC-83EFE4AD1550}.Release|x64.ActiveCfg = Release|x64
		{8B7DE939-9806-4991-82EC-83EFE4AD1550}.Release|x64.Build.0 = Release|x64
		{8B7DE939-9806-4991-82EC-83EFE4AD1550}.Release|x86.ActiveCfg = Release|Win32
		{8B7DE939-9806-4991-82EC-83EFE4AD1550}.Release|x86.Build.0 = Release|Win32
		{D6CDD687-79E4-4F21-9981-0297C14F2DDB}.Debug|x64.ActiveCfg = Debug|x64
		{D6CDD687-79E4-4F21-9981-0297C14F2DDB}.Debug|x64.Build.0 = Debug|x64
		{D6CDD687-79E4-4F21-9981-0297C14F2DDB}.Debug|x86.ActiveCfg = Debug|Win32
		{D6CDD687-79E4-4F21-9981-0297C14F2DDB}.Debug|x86.Build.0 = Debug|Win32
		{D6CDD687-79E4-4F21-9981-0297C14F2DDB}.Release|x64.ActiveCfg = Release|x64
		{D6CDD687-79E4-4F21-9981-0297C14F2DDB}.Release|x64.Build.0 = Release|x64
		{D6CDD687-79E4-4F21-9981-0297C14F2DDB}.Release|x86.ActiveCfg = Release|Win32
		{D6CDD687-79E4-4F21-9981-0297C14F2DDB}.Release|x86.Build.0 = Release|Win32
		{07D8E4EF-8A01-4C85-8F8E-015BAFACA611}.Debug|x64.ActiveCfg = Debug|x64
		{07D8E4EF-8A01-4C85-8F8E-015BAFACA611}.Debug|x64.Build.0 = Debug|x64
		{07D8E4EF-8A01-4C85-8F8E-015BAFACA611}.Debug|x86.ActiveCfg = Debug|Win32
		{07D8E4EF-8A01-4C85-8F8E-015BAFACA611}.Debug|x86.Build.0 = Debug|Win32
		{07D8E4EF-8A01-4C85-8F8E-015BAFACA611}.Release|x64.ActiveCfg = Release|x64
		{07D8E4EF-8A01-4C85-8F8E-015BAFACA611}.Release|x64.Build.0 = Release|x64
		{07D8E4EF-8A01-4C85-8F8E-015BAFACA611}.Release|x86.ActiveCfg = Release|Win32
		{07D8E4EF-8A01-4C85-8F8E-015BAFACA611}.Release|x86.Build.0 = Release|Win32
		{E585059A-CF60-4EF3-ADD7-7D5189A39ACA}.Debug|x64.ActiveCfg = Debug|x64
		{E585059A-CF60-4EF3-ADD7-7D5189A39ACA}.Debug|x64.Build.0 = Debug|x64
		{E585059A-CF60-4EF3-ADD7-7D5189A39ACA}.Debug|x86.ActiveCfg = Debug|Win32
		{E585059A-CF60-4EF3-ADD7-7D5189A39ACA}.Debug|x86.Build.0 = Debug|Win32
		{E585059A-CF60-4EF3-ADD7-7D5189A39ACA}.Release|x64.ActiveCfg = Release|x64
		{E585059A-CF60-4EF3-ADD7-7D5189A39ACA}.Release|x64.Build.0 = Release|x64
		{E585059A-CF60-4EF3-ADD7-7D5189A39ACA}.Release|x86.ActiveCfg = Release|Win32
		{E585059A-CF60-4EF3-ADD7-7D5189A39ACA}.Release|x86.Build.0 = Release|Win32
		{1D649C3A-4716-48AA-9397-5E8918A95F5E}.Debug|x64.ActiveCfg = Debug|x64
		{1D649C3A-4716-48AA-9397-5E8918A95F5E}.Debug|x64.Build.0 = Debug|x64
		{1D649C3A-4716-48AA-9397-5E8918A95F5E}.Debug|x86.ActiveCfg = Debug|Win32
		{1D649C3A-4716-48AA-9397-5E8918A95F5E}.Debug|x86.Build.0 = Debug|Win32
		{1D649C3A-4716-48AA-9397-5E8918A95F5E}.Release|x64.ActiveCfg = Release|x64
		{1D649C3A-4716-48AA-9397-5E8918A95F5E}.Release|x64.Build.0 = Release|x64
		{1D649C3A-4716-48AA-9397-5E8918A95F5E}.Release|x86.ActiveCfg = Release|Win32
		{1D649C3A-4716-48AA-9397-5E8918A95F5E}.Release|x86.Build.0 = Release|Win32
		{EC1B1BB8-2EA7-4EF7-B463-7F407C80BCA0}.Debug|x64.ActiveCfg = Debug|x64
		{EC1B1BB8-2EA7-4EF7-B463-7F407C80BCA0}.Debug|x64.Build.0 = Debug|x64
		{EC1B1BB8-2EA7-4EF7-B463-7F407C80BCA0}.Debug|x86.ActiveCfg = Debug|Win32
		{EC1B1BB8-2EA7-4EF7-B463-7F407C80BCA0}.Debug|x86.Build.0 = Debug|Win32
		{EC1B1BB8-2EA7-4EF7-B463-7F407C80BCA0}.Release|x64.ActiveCfg = Release|x64
		{EC1B1BB8-2EA7-4EF7-B463-7F407C80BCA0}.Release|x64.Build.0 = Release|x64
		{EC1B1BB8-2EA7-4EF7-B463-7F407C80BCA0}.Release|x86.ActiveCfg = Release|Win32
		{EC1B1BB8-2EA7-4EF7-B463-7F407C80BCA0}.Release|x86.Build.0 = Release|Win32
		{83E420BD-9BA4-401C-B79C-985E8133ECDA}.Debug|x64.ActiveCfg = Debug|x64
		{83E420BD-9BA4-401C-B79C-985E8133ECDA}.Debug|x64.Build.0 = Debug|x64
		{83E420BD-9BA4-401C-B79C-985E8133ECDA}.Debug|x86.ActiveCfg = Debug|Win32
		{83E420BD-9BA4-401C-B79C-985E8133ECDA}.Debug|x86.Build.0 = Debug|Win32
		{83E420BD-9BA4-401C-B79C-985E8133ECDA}.Release|x64.ActiveCfg = Release|x64
		{83E420BD-9BA4-401C-B79C-985E8133ECDA}.Release|x64.Build.0 = Release|x64
		{83E420BD-9BA4-401C-B79C-985E8133ECDA}.Release|x86.ActiveCfg = Release|Win32
		{83E420BD-9BA4-401C-B79C-985E8133ECDA}.Release|x86.Build.0 = Release|Win32
		{74358AF1-DD1E-4790-806B-4B7C76FDA4F3}.Debug|x64.ActiveCfg = Debug|x64
		{74358AF1-DD1E-4790-806B-4B7C76FDA4F3}.Debug|x64.Build.0 = Debug|x64
		{74358AF1-DD1E-4790-806B-4B7C76FDA4F3}.Debug|x86.ActiveCfg = Debug|Win32
		{74358AF1-DD1E-4790-806B-4B7C76FDA4F3}.Debug|x86.Build.0 = Debug|Win32
		{74358AF1-DD1E-4790-806B-4B7C76FDA4F3}.Release|x64.ActiveCfg = Release|x64
		{74358AF1-DD1E-4790-806B-4B7C76FDA4F3}.Release|x64.Build.0 = Release|x64
		{74358AF1-DD1E-4790-806B-4B7C76FDA4F3}.Release|x86.ActiveCfg = Release|Win32
		{74358AF1-DD1E-4790-806B-4B7C76FDA4F3}.Release|x86.Build.0 = Release|Win32
		{348AA015-A1CE-4986-B6F8-217B62EEEC85}.Debug|x64.ActiveCfg = Debug|x64
		{348AA015-A1CE-4986-B6F8-217B62EEEC85}.Debug|x64.Build.0 = Debug|x64
		{348AA015-A1CE-4986-B6F8-217B62EEEC85}.Debug|x86.ActiveCfg = Debug|Win32
		{348AA015-A1CE-4986-B6F8-217B62EEEC85}.Debug|x86.Build.0 = Debug|Win32
		{348AA015-A1CE-4986-B6F8-217B62EEEC85}.Release|x64.ActiveCfg = Release|x64
		{348AA015-A1CE-4986-B6F8-217B62EEEC85}.Release|x64.Build.0 = Release|x64
		{348AA015-A1CE-4986-B6F8-217B62EEEC85}.Release|x86.ActiveCfg = Release|Win32
		{348AA015-A1CE-4986-B6F8-217B62EEEC85}.Release|x86.Build.0 = Release|Win32
		{D1B878AE-294C-4041-AC34-84B36A319697}.Debug|x64.ActiveCfg = Debug|x64
		{D1B878AE-294C-4041-AC34-84B36A319697}.Debug|x64.Build.0 = Debug|x64
		{D1B878AE-294C-4041-AC34-84B36A319697}.Debug|x86.ActiveCfg = Debug|Win32
		{D1B878AE-294C-4041-AC34-84B36A319697}.Debug|x86.Build.0 = Debug|Win32
		{D1B878AE-294C-4041-AC34-84B36A319697}.Release|x64.ActiveCfg = Release|x64
		{D1B878AE-294C-4041-AC34-84B36A319697}.Release|x64.Build.0 = Release|x64
		{D1B878AE-294C-4041-AC34-84B36A319697}.Release|x86.ActiveCfg = Release|Win32
		{D1B878AE-294C-4041-AC34-84B36A319697}.Release|x86.Build.0 = Release|Win32
		{C72870A4-3473-4D75-B813-20538B14136C}.Debug|x64.ActiveCfg = Debug|x64
		{C72870A4-3473-4D75-B813-20538B14136C}.Debug|x64.Build.0 = Debug|x64
		{C72870A4-3473-4D75-B813-20538B14136C}.Debug|x86.ActiveCfg = Debug|Win32
		{C72870A4-3473-4D75-B813-20538B14136C}.Debug|x86.Build.0 = Debug|Win32
		{C72870A4-3473-4D75-B813-20538B14136C}.Release|x64.ActiveCfg = Release|x64
		{C72870A4-3473-4D75-B813-20538B14136C}.Release|x64.Build.0 = Release|x64
		{C72870A4-3473-4D75-B813-20538B14136C}.Release|x86.ActiveCfg = Release|Win32
		{C72870A4-3473-4D75-B813-20538B14136C}.Release|x86.Build.0 = Release|Win32
		{1852DAE7-538A-4DE4-BEAA-E834E83F4A8C}.Debug|x64.ActiveCfg = Debug|x64
		{1852DAE7-538A-4DE4-BEAA-E834E83F4A8C}.Debug|x64.Build.0 = Debug|x64
		{1852DAE7-538A-4DE4-BEAA-E834E83F4A8C}.Debug|x86.ActiveCfg = Debug|Win32
		{1852DAE7-538A-4DE4-BEAA-E834E83F4A8C}.Debug|x86.Build.0 = Debug|Win32
		{1852DAE7-538A-4DE4-BEAA-E834E83F4A8C}.Release|x64.ActiveCfg = Release|x64
		{1852DAE7-538A-4DE4-BEAA-E834E83F4A8C}.Release|x64.Build.0 = Release|x64
		{1852DAE7-538A-4DE4-BEAA-E834E83F4A8C}.Release|x86.ActiveCfg = Release|Win32
		{1852DAE7-538A-4DE4-BEAA-E834E83F4A8C}.Release|x86.Build.0 = Release|Win32
		{BCD63CC0-8D90-4B45-A746-64ED48C7BDC5}.Debug|x64.ActiveCfg = Debug|x64
		{BCD63CC0-8D90-4B45-A746-64ED48C7BDC5}.Debug|x64.Build.0 = Debug|x64
		{BCD63CC0-8D90-4B45-A746-64ED48C7BDC5}.Debug|x86.ActiveCfg = Debug|Win32
		{BCD63CC0-8D90-4B45-A746-64ED48C7BDC5}.Debug|x86.Build.0 = Debug|Win32
		{BCD63CC0-8D90-4B45-A746-64ED48C7BDC5}.Release|x64.ActiveCfg = Release|x64
		{BCD63CC0-8D90-4B45-A746-64ED48C7BDC5}.Release|x64.Build.0 = Release|x64
		{BCD63CC0-8D90-4B45-A746-64ED48C7BDC5}.Release|x86.ActiveCfg = Release|Win32
		{BCD63CC0-8D90-4B45-A746-64ED48C7BDC5}.Release|x86.Build.0 = Release|Win32
		{8D7B444F-CD0C-434A-827B-D86981705168}.Debug|x64.ActiveCfg = Debug|x64
		{8D7B444F-CD0C-434A-827B-D86981705168}.Debug|x64.Build.0 = Debug|x64
		{8D7B444F-CD0C-434A-827B-D86981705168}.Debug|x86.ActiveCfg = Debug|Win32
		{8D7B444F-CD0C-434A-827B-D86981705168}.Debug|x86.Build.0 = Debug|Win32
		{8D7B444F-CD0C-434A-827B-D86981705168}.Release|x64.ActiveCfg = Release|x64
		{8D7B444F-CD0C-434A-827B-D86981705168}.Release|x64.Build.0 = Release|x64
		{8D7B444F-CD0C-434A-827B-D86981705168}.Release|x86.ActiveCfg = Release|Win32
		{8D7B444F-CD0C-434A-827B-D86981705168}.Release|x86.Build.0 = Release|Win32
		{9C3A00DB-DFB3-4463-83B3-E051036D57A0}.Debug|x64.ActiveCfg = Debug|x64
		{9C3A00DB-DFB3-4463-83B3-E051036D57A0}.Debug|x64.Build.0 = Debug|x64
		{9C3A00DB-DFB3-4463-83B3-E051036D57A0}.Debug|x86.ActiveCfg = Debug|Win32
		{9C3A00DB-DFB3-4463-83B3-E051036D57A0}.Debug|x86.Build.0 = Debug|Win32
		{9C3A00DB-DFB3-4463-83B3-E051036D57A0}.Release|x64.ActiveCfg = Release|x64
		{9C3A00DB-DFB3-4463-83B3-E051036D57A0}.Release|x64.Build.0 = Release|x64
		{9C3A00DB-DFB3-4463-83B3-E051036D57A0}.Release|x86.ActiveCfg = Release|Win32
		{9C3A00DB-DFB3-4463-83B3-E051036D57A0}.Release|x86.Build.0 = Release|Win32
		{2D553521-B71A-49BF-8C4E-AE6CA0EA6711}.Debug|x64.ActiveCfg = Debug|x64
		{2D553521-B71A-49BF-8C4E-AE6CA0EA6711}.Debug|x64.Build.0 = Debug|x64
		{2D553521-B71A-49BF-8C4E-AE6CA0EA6711}.Debug|x86.ActiveCfg = Debug|Win32
		{2D553521-B71A-49BF-8C4E-AE6CA0EA6711}.Debug|x86.Build.0 = Debug|Win32
		{2D553521-B71A-49BF-8C4E-AE6CA0EA6711}.Release|x64.ActiveCfg = Release|x64
		{2D553521-B71A-49BF-8C4E-AE6CA0EA6711}.Release|x64.Build.0 = Release|x64
		{2D553521-B71A-49BF-8C4E-AE6CA0EA6711}.Release|x86.ActiveCfg = Release|Win32
		{2D553521-B71A-49BF-8C4E-AE6CA0EA6711}.Release|x86.Build.0 = Release|Win32
		{61C38740-4B14-4600-A840-412A8E07C758}.Debug|x64.ActiveCfg = Debug|x64
		{61C38740-4B14-4600-A840-412A8E07C758}.Debug|x64.Build.0 = Debug|x64
		{61C38740-4B14-4600-A840-412A8E07C758}.Debug|x86.ActiveCfg = Debug|Win32
		{61C38740-4B14-4600-A840-412A8E07C758}.Debug|x86.Build.0 = Debug|Win32
		{61C38740-4B14-4600-A840-412A8E07C758}.Release|x64.ActiveCfg = Release|x64
		{61C38740-4B14-4600-A840-412A8E07C758}.Release|x64.Build.0 = Release|x64
		{61C38740-4B14-4600-A840-412A8E07C758}.Release|x86.ActiveCfg = Release|Win32
		{61C38740-4B14-4600-A840-412A8E07C758}.Release|x86.Build.0 = Release|Win32
		{D1D3E74F-154F-44AE-BC5B-7494F4AF8FAB}.Debug|x64.ActiveCfg = Debug|x64
		{D1D3E74F-154F-44AE-BC5B-7494F4AF8FAB}.Debug|x64.Build.0 = Debug|x64
		{D1D3E74F-154F-44AE-BC5B-7494F4AF8FAB}.Debug|x86.ActiveCfg = Debug|Win32
		{D1D3E74F-154F-44AE-BC5B-7494F4AF8FAB}.Debug|x86.Build.0 = Debug|Win32
		{D1D3E74F-154F-44AE-BC5B-7494F4AF8FAB}.Release|x64.ActiveCfg = Release|x64
		{D1D3E74F-154F-44AE-BC5B-7494F4AF8FAB}.Release|x64.Build.0 = Release|x64
		{D1D3E74F-154F-44AE-BC5B-7494F4AF8FAB}.Release|x86.ActiveCfg = Release|Win32
		{D1D3E74F-154F-44AE-BC5B-7494F4AF8FAB}.Release|x86.Build.0 = Release|Win32
		{D2281AF8-30DD-4C84-A027-1056C401A10F}.Debug|x64.ActiveCfg = Debug|x64
		{D2281AF8-30DD-4C84-A027-1056C401A10F}.Debug|x64.Build.0 = Debug|x64
		{D2281AF8-30DD-4C84-A027-1056C401A10F}.Debug|x86.ActiveCfg = Debug|Win32
		{D2281AF8-30DD-4C84-A027-1056C401A10F}.Debug|x86.Build.0 = Debug|Win32
		{D2281AF8-30DD-4C84-A027-1056C401A10F}.Release|x64.ActiveCfg = Release|x64
		{D2281AF8-30DD-4C84-A027-1056C401A10F}.Release|x64.Build.0 = Release|x64
		{D2281AF8-30DD-4C84-A027-1056C401A10F}.Release|x86.ActiveCfg = Release|Win32
		{D2281AF8-30DD-4C84-A027-1056C401A10F}.Release|x86.Build.0 = Release|Win32
		{B4C7B777-46BA-4D41-A196-B7C8A0B82237}.Debug|x64.ActiveCfg = Debug|x64
		{B4C7B777-46BA-4D41-A196-B7C8A0B82237}.Debug|x64.Build.0 = Debug|x64
		{B4C7B777-46BA-4D41-A196-B7C8A0B82237}.Debug|x86.ActiveCfg = Debug|Win32
		{B4C7B777-46BA-4D41-A196-B7C8A0B82237}.Debug|x86.Build.0 = Debug|Win32
		{B4C7B777-46BA-4D41-A196-B7C8A0B82237}.Release|x64.ActiveCfg = Release|x64
		{B4C7B777-46BA-4D41-A196-B7C8A0B82237}.Release|x64.Build.0 = Release|x64
		{B4C7B777-46BA-4D41-A196-B7C8A0B82237}.Release|x86.ActiveCfg = Release|Win32
		{B4C7B777-46BA-4D41-A196-B7C8A0B82237}.Release|x86.Build.0 = Release|Win32
		{A5AC9B79-77DC-405B-AC1F-9D891BF902F3}.Debug|x64.ActiveCfg = Debug|x64
		{A5AC9B79-77DC-405B-AC1F-9D891BF902F3}.Debug|x64.Build.0 = Debug|x64
		{A5AC9B79-77DC-405B-AC1F-9D891BF902F3}.Debug|x86.ActiveCfg = Debug|Win32
		{A5AC9B79-77DC-405B-AC1F-9D891BF902F3}.Debug|x86.Build.0 = Debug|Win32
		{A5AC9B79-77DC-405B-AC1F-9D891BF902F3}.Release|x64.ActiveCfg = Release|x64
		{A5AC9B79-77DC-405B-AC1F-9D891BF902F3}.Release|x64.Build.0 = Release|x64
		{A5AC9B79-77DC-405B-AC1F-9D891BF902F3}.Release|x86.ActiveCfg = Release|Win32
		{A5AC9B79-77DC-405B-AC1F-9D891BF902F3}.Release|x86.Build.0 = Release|Win32
		{1AAA3E7E-EB58-48A8-9C25-869CEAF77F1B}.Debug|x64.ActiveCfg = Debug|x64
		{1AAA3E7E-EB58-48A8-9C25-869CEAF77F1B}.Debug|x64.Build.0 = Debug|x64
		{1AAA3E7E-EB58-48A8-9C25-869CEAF77F1B}.Debug|x86.ActiveCfg = Debug|Win32
		{1AAA3E7E-EB58-48A8-9C25-869CEAF77F1B}.Debug|x86.Build.0 = Debug|Win32
		{1AAA3E7E-EB58-48A8-9C25-869CEAF77F1B}.Release|x64.ActiveCfg = Release|x64
		{1AAA3E7E-EB58-48A8-9C25-869CEAF77F1B}.Release|x64.Build.0 = Release|x64
		{1AAA3E7E-EB58-48A8-9C25-869CEAF77F1B}.Release|x86.ActiveCfg = Release|Win32
		{1AAA3E7E-EB58-48A8-9C25-869CEAF77F1B}.Release|x86.Build.0 = Release|Win32
		{BF06F5A8-030A-4870-8505-A0334E0336D5}.Debug|x64.ActiveCfg = Debug|x64
		{BF06F5A8-030A-4870-8505-A0334E0336D5}.Debug|x64.Build.0 = Debug|x64
		{BF06F5A8-030A-4870-8505-A0334E0336D5}.Debug|x86.ActiveCfg = Debug|Win32
		{BF06F5A8-030A-4870-8505-A0334E0336D5}.Debug|x86.Build.0 = Debug|Win32
		{BF06F5A8-030A-4870-8505-A0334E0336D5}.Release|x64.ActiveCfg = Release|x64
		{BF06F5A8-030A-4870-8505-A0334E0336D5}.Release|x64.Build.0 = Release|x64
		{BF06F5A8-030A-4870-8505-A0334E0336D5}.Release|x86.ActiveCfg = Release|Win32
		{BF06F5A8-030A-4870-8505-A0334E0336D5}.Release|x86.Build.0 = Release|Win32
		{04BCAA73-E712-4D80-AA88-57EB918602F4}.Debug|x64.ActiveCfg = Debug|x64
		{04BCAA73-E712-4D80-AA88-57EB918602F4}.Debug|x64.Build.0 = Debug|x64
		{04BCAA73-E712-4D80-AA88-57EB918602F4}.Debug|x86.ActiveCfg = Debug|Win32
		{04BCAA73-E712-4D80-AA88-57EB918602F4}.Debug|x86.Build.0 = Debug|Win32
		{04BCAA73-E712-4D80-AA88-57EB918602F4}.Release|x64.ActiveCfg = Release|x64
		{04BCAA73-E712-4D80-AA88-57EB918602F4}.Release|x64.Build.0 = Release|x64
		{04BCAA73-E712-4D80-AA88-57EB918602F4}.Release|x86.ActiveCfg = Release|Win32
		{04BCAA73-E712-4D80-AA88-57EB918602F4}.Release|x86.Build.0 = Release|Win32
		{099F828E-219A-43BC-93F9-A33F965DB9B6}.Debug|x64.ActiveCfg = Debug|x64
		{099F828E-219A-43BC-93F9-A33F965DB9B6}.Debug|x64.Build.0 = Debug|x64
		{099F828E-219A-43BC-93F9-A33F965DB9B6}.Debug|x86.ActiveCfg = Debug|Win32
		{099F828E-219A-43BC-93F9-A33F965DB9B6}.Debug|x86.Build.0 = Debug|Win32
		{099F828E-219A-43BC-93F9-A33F965DB9B6}.Release|x64.ActiveCfg = Release|x64
		{099F828E-219A-43BC-93F9-A33F965DB9B6}.Release|x64.Build.0 = Release|x64
		{099F828E-219A-43BC-93F9-A33F965DB9B6}.Release|x86.ActiveCfg = Release|Win32
		{099F828E-219A-43BC-93F9-A33F965DB9B6}.Release|x86.Build.0 = Release|Win32
		{C015F44D-FE11-42F4-BE05-1D51A9696197}.Debug|x64.ActiveCfg = Debug|x64
		{C015F44D-FE11-42F4-BE05-1D51A9696197}.Debug|x64.Build.0 = Debug|x64
		{C015F44D-FE11-42F4-BE05-1D51A9696197}.Debug|x86.ActiveCfg = Debug|Win32
		{C015F44D-FE11-42F4-BE05-1D51A9696197}.Debug|x86.Build.0 = Debug|Win32
		{C015F44D-FE11-42F4-BE05-1D51A9696197}.Release|x64.ActiveCfg = Release|x64
		{C015F44D-FE11-42F4-BE05-1D51A9696197}.Release|x64.Build.0 = Release|x64
		{C015F44D-FE11-42F4-BE05-1D51A9696197}.Release|x86.ActiveCfg = Release|Win32
		{C015F44D-FE11-42F4-BE05-1D51A9696197}.Release|x86.Build.0 = Release|Win32
		{9742924E-A705-425E-BB61-0EA8124F08F0}.Debug|x64.ActiveCfg = Debug|x64
		{9742924E-A705-425E-BB61-0EA8124F08F0}.Debug|x64.Build.0 = Debug|x64
		{9742924E-A705-425E-BB61-0EA8124F08F0}.Debug|x86.ActiveCfg = Debug|Win32
		{9742924E-A705-425E-BB61-0EA8124F08F0}.Debug|x86.Build.0 = Debug|Win32
		{9742924E-A705-425E-BB61-0EA8124F08F0}.Release|x64.ActiveCfg = Release|x64
		{9742924E-A705-425E-BB61-0EA8124F08F0}.Release|x64.Build.0 = Release|x64
		{9742924E-A705-425E-BB61-0EA8124F08F0}.Release|x86.ActiveCfg = Release|Win32
		{9742924E-A705-425E-BB61-0EA8124F08F0}.Release|x86.Build.0 = Release|Win32
		{5BCCCBA8-84B6-4B51-A603-73F2A2A03B5B}.Debug|x64.ActiveCfg = Debug|x64
		{5BCCCBA8-84B6-4B51-A603-73F2A2A03B5B}.Debug|x64.Build.0 = Debug|x64
		{5BCCCBA8-84B6-4B51-A603-73F2A2A03B5B}.Debug|x86.ActiveCfg = Debug|Win32
		{5BCCCBA8-84B6-4B51-A603-73F2A2A03B5B}.Debug|x86.Build.0 = Debug|Win32
		{5BCCCBA8-84B6-4B51-A603-73F2A2A03B5B}.Release|x64.ActiveCfg = Release|x64
		{5BCCCBA8-84B6-4B51-A603-73F2A2A03B5B}.Release|x64.Build.0 = Release|x64
		{5BCCCBA8-84B6-4B51-A603-73F2A2A03B5B}.Release|x86.ActiveCfg = Release|Win32
		{5BCCCBA8-84B6-4B51-A603-73F2A2A03B5B}.Release|x86.Build.0 = Release|Win32
		{6F1D2FFF-99AB-4A2E-A097-CE766B3060B5}.Debug|x64.ActiveCfg = Debug|x64
		{6F1D2FFF-99AB-4A2E-A097-CE766B3060B5}.Debug|x64.Build.0 = Debug|x64
		{6F1D2FFF-99AB-4A2E-A097-CE766B3060B5}.Debug|x86.ActiveCfg = Debug|Win32
		{6F1D2FFF-99AB-4A2E-A097-CE766B3060B5}.Debug|x86.Build.0 = Debug|Win32
		{6F1D2FFF-99AB-4A2E-A097-CE766B3060B5}.Release|x64.ActiveCfg = Release|x64
		{6F1D2FFF-99AB-4A2E-A097-CE766B3060B5}.Release|x64.Build.0 = Release|x64
		{6F1D2FFF-99AB-4A2E-A097-CE766B3060B5}.Release|x86.ActiveCfg = Release|Win32
		{6F1D2FFF-99AB-4A2E-A097-CE766B3060B5}.Release|x86.Build.0 = Release|Win32
		{74A60079-2EA9-4DEA-9977-B30A7D3330BF}.Debug|x64.ActiveCfg = Debug|x64
		{74A60079-2EA9-4DEA-9977-B30A7D3330BF}.Debug|x64.Build.0 = Debug|x64
		{74A60079-2EA9-4DEA-9977-B30A7D3330BF}.Debug|x86.ActiveCfg = Debug|Win32
		{74A60079-2EA9-4DEA-9977-B30A7D3330BF}.Debug|x86.Build.0 = Debug|Win32
		{74A60079-2EA9-4DEA-9977-B30A7D3330BF}.Release|x64.ActiveCfg = Release|x64
		{74A60079-2EA9-4DEA-9977-B30A7D3330BF}.Release|x64.Build.0 = Release|x64
		{74A60079-2EA9-4DEA-9977-B30A7D3330BF}.Release|x86.ActiveCfg = Release|Win32
		{74A60079-2EA9-4DEA-9977-B30A7D3330BF}.Release|x86.Build.0 = Release|Win32
		{1A878D41-B785-4D63-B446-F3AF7A79A557}.Debug|x64.ActiveCfg = Debug|x64
		{1A878D41-B785-4D63-B446-F3AF7A79A557}.Debug|x64.Build.0 = Debug|x64
		{1A878D41-B785-4D63-B446-F3AF7A79A557}.Debug|x86.ActiveCfg = Debug|Win32
		{1A878D41-B785-4D63-B446-F3AF7A79A557}.Debug|x86.Build.0 = Debug|Win32
		{1A878D41-B785-4D63-B446-F3AF7A79A557}.Release|x64.ActiveCfg = Release|x64
		{1A878D41-B785-4D63-B446-F3AF7A79A557}.Release|x64.Build.0 = Release|x64
		{1A878D41-B785-4D63-B446-F3AF7A79A557}.Release|x86.ActiveCfg = Release|Win32
		{1A878D41-B785-4D63-B446-F3AF7A79A557}.Release|x86.Build.0 = Release|Win32
		{89CF2ACD-95E8-4030-B8A3-DE6B80816779}.Debug|x64.ActiveCfg = Debug|x64
		{89CF2ACD-95E8-4030-B8A3-DE6B80816779}.Debug|x64.Build.0 = Debug|x64
		{89CF2ACD-95E8-4030-B8A3-DE6B80816779}.Debug|x86.ActiveCfg = Debug|Win32
		{89CF2ACD-95E8-4030-B8A3-DE6B80816779}.Debug|x86.Build.0 = Debug|Win32
		{89CF2ACD-95E8-4030-B8A3-DE6B80816779}.Release|x64.ActiveCfg = Release|x64
		{89CF2ACD-95E8-4030-B8A3-DE6B80816779}.Release|x64.Build.0 = Release|x64
		{89CF2ACD-95E8-4030-B8A3-DE6B80816779}.Release|x86.ActiveCfg = Release|Win32
		{89CF2ACD-95E8-4030-B8A3-DE6B80816779}.Release|x86.Build.0 = Release|Win32
		{FC65D9C9-F499-468D-8152-397117947D35}.Debug|x64.ActiveCfg = Debug|x64
		{FC65D9C9-F499-468D-8152-397117947D35}.Debug|x64.Build.0 = Debug|x64
		{FC65D9C9-F499-468D-8152-397117947D35}.Debug|x86.ActiveCfg = Debug|Win32
		{FC65D9C9-F499-468D-8152-397117947D35}.Debug|x86.Build.0 = Debug|Win32
		{FC65D9C9-F499-468D-8152-397117947D35}.Release|x64.ActiveCfg = Release|x64
		{FC65D9C9-F499-468D-8152-397117947D35}.Release|x64.Build.0 = Release|x64
		{FC65D9C9-F499-468D-8152-397117947D35}.Release|x86.ActiveCfg = Release|Win32
		{FC65D9C9-F499-468D-8152-397117947D35}.Release|x86.Build.0 = Release|Win32
		{8C2F3DD3-A18C-413E-A6BC-50D518230031}.Debug|x64.ActiveCfg = Debug|x64
		{8C2F3DD3-A18C-413E-A6BC-50D518230031}.Debug|x64.Build.0 = Debug|x64
		{8C2F3DD3-A18C-413E-A6BC-50D518230031}.Debug|x86.ActiveCfg = Debug|Win32
		{8C2F3DD3-A18C-413E-A6BC-50D518230031}.Debug|x86.Build.0 = Debug|Win32
		{8C2F3DD3-A18C-413E-A6BC-50D518230031}.Release|x64.ActiveCfg = Release|x64
		{8C2F3DD3-A18C-413E-A6BC-50D518230031}.Release|x64.Build.0 = Release|x64
		{8C2F3DD3-A18C-413E-A6BC-50D518230031}.Release|x86.ActiveCfg = Release|Win32
		{8C2F3DD3-A18C-413E-A6BC-50D518230031}.Release|x86.Build.0 = Release|Win32
		{6372845B-6491-40A1-B33A-6B09B7C02499}.Debug|x64.ActiveCfg = Debug|x64
		{6372845B-6491-40A1-B33A-6B09B7C02499}.Debug|x64.Build.0 = Debug|x64
		{6372845B-6491-40A1-B33A-6B09B7C02499}.Debug|x86.ActiveCfg = Debug|Win32
		{6372845B-6491-40A1-B33A-6B09B7C02499}.Debug|x86.Build.0 = Debug|Win32
		{6372845B-6491-40A1-B33A-6B09B7C02499}.Release|x64.ActiveCfg = Release|x64
		{6372845B-6491-40A1-B33A-6B09B7C02499}.Release|x64.Build.0 = Release|x64
		{6372845B-6491-40A1-B33A-6B09B7C02499}.Release|x86.ActiveCfg = Release|Win32
		{6372845B-6491-40A1-B33A-6B09B7C02499}.Release|x86.Build.0 = Release|Win32
		{26106540-127E-486F-BD9D-061D92F39438}.Debug|x64.ActiveCfg = Debug|x64
		{26106540-127E-486F-BD9D-061D92F39438}.Debug|x64.Build.0 = Debug|x64
		{26106540-127E-486F-BD9D-061D92F39438}.Debug|x86.ActiveCfg = Debug|Win32
		{26106540-127E-486F-BD9D-061D92F39438}.Debug|x86.Build.0 = Debug|Win32
		{26106540-127E-486F-BD9D-061D92F39438}.Release|x64.ActiveCfg = Release|x64
		{26106540-127E-486F-BD9D-061D92F39438}.Release|x64.Build.0 = Release|x64
		{26106540-127E-486F-BD9D-061D92F39438}.Release|x86.ActiveCfg = Release|Win32
		{26106540-127E-486F-BD9D-061D92F39438}.Release|x86.Build.0 = Release|Win32
		{91F42BC9-83F6-4BAE-9BC5-9AD86471DC1F}.Debug|x64.ActiveCfg = Debug|x64
		{91F42BC9-83F6-4BAE-9BC5-9AD86471DC1F}.Debug|x64.Build.0 = Debug|x64
		{91F42BC9-83F6-4BAE-9BC5-9AD86471DC1F}.Debug|x86.ActiveCfg = Debug|Win32
		{91F42BC9-83F6-4BAE-9BC5-9AD86471DC1F}.Debug|x86.Build.0 = Debug|Win32
		{91F42BC9-83F6-4BAE-9BC5-9AD86471DC1F}.Release|x64.ActiveCfg = Release|x64
		{91F42BC9-83F6-4BAE-9BC5-9AD86471DC1F}.Release|x64.Build.0 = Release|x64
		{91F42BC9-83F6-4BAE-9BC5-9AD86471DC1F}.Release|x86.ActiveCfg = Release|Win32
		{91F42BC9-83F6-4BAE-9BC5-9AD86471DC1F}.Release|x86.Build.0 = Release|Win32
		{3E4DB479-729A-4BB3-8E72-DC02237E27BC}.Debug|x64.ActiveCfg = Debug|x64
		{3E4DB479-729A-4BB3-8E72-DC02237E27BC}.Debug|x64.Build.0 = Debug|x64
		{3E4DB479-729A-4BB3-8E72-DC02237E27BC}.Debug|x86.ActiveCfg = Debug|Win32
		{3E4DB479-729A-4BB3-8E72-DC02237E27BC}.Debug|x86.Build.0 = Debug|Win32
		{3E4DB479-729A-4BB3-8E72-DC02237E27BC}.Release|x64.ActiveCfg = Release|x64
		{3E4DB479-729A-4BB3-8E72-DC02237E27BC}.Release|x64.Build.0 = Release|x64
		{3E4DB479-729A-4BB3-8E72-DC02237E27BC}.Release|x86.ActiveCfg = Release|Win32
		{3E4DB479-729A-4BB3-8E72-DC02237E27BC}.Release|x86.Build.0 = Release|Win32
		{C9616FB5-BBC4-44E9-8A64-FF66FFB5F760}.Debug|x64.ActiveCfg = Debug|x64
		{C9616FB5-BBC4-44E9-8A64-FF66FFB5F760}.Debug|x64.Build.0 = Debug|x64
		{C9616FB5-BBC4-44E9-8A64-FF66FFB5F760}.Debug|x86.ActiveCfg = Debug|Win32
		{C9616FB5-BBC4-44E9-8A64-FF66FFB5F760}.Debug|x86.Build.0 = Debug|Win32
		{C9616FB5-BBC4-44E9-8A64-FF66FFB5F760}.Release|x64.ActiveCfg = Release|x64
		{C9616FB5-BBC4-44E9-8A64-FF66FFB5F760}.Release|x64.Build.0 = Release|x64
		{C9616FB5-BBC4-44E9-8A64-FF66FFB5F760}.Release|x86.ActiveCfg = Release|Win32
		{C9616FB5-BBC4-44E9-8A64-FF66FFB5F760}.Release|x86.Build.0 = Release|Win32
		{45A1278F-7BEC-4767-B70C-A1AF4BE9AFFB}.Debug|x64.ActiveCfg = Debug|x64
		{45A1278F-7BEC-4767-B70C-A1AF4BE9AFFB}.Debug|x64.Build.0 = Debug|x64
		{45A1278F-7BEC-4767-B70C-A1AF4BE9AFFB}.Debug|x86.ActiveCfg = Debug|Win32
		{45A1278F-7BEC-4767-B70C-A1AF4BE9AFFB}.Debug|x86.Build.0 = Debug|Win32
		{45A1278F-7BEC-4767-B70C-A1AF4BE9AFFB}.Release|x64.ActiveCfg = Release|x64
		{45A1278F-7BEC-4767-B70C-A1AF4BE9AFFB}.Release|x64.Build.0 = Release|x64
		{45A1278F-7BEC-4767-B70C-A1AF4BE9AFFB}.Release|x86.ActiveCfg = Release|Win32
		{45A1278F-7BEC-4767-B70C-A1AF4BE9AFFB}.Release|x86.Build.0 = Release|Win32
		{7CECE569-1E7B-4D29-913D-8E4249BFC56F}.Debug|x64.ActiveCfg = Debug|x64
		{7CECE569-1E7B-4D29-913D-8E4249BFC56F}.Debug|x64.Build.0 = Debug|x64
		{7CECE569-1E7B-4D29-913D-8E4249BFC56F}.Debug|x86.ActiveCfg = Debug|Win32
		{7CECE569-1E7B-4D29-913D-8E4249BFC56F}.Debug|x86.Build.0 = Debug|Win32
		{7CECE569-1E7B-4D29-913D-8E4249BFC56F}.Release|x64.ActiveCfg = Release|x64
		{7CECE569-1E7B-4D29-913D-8E4249BFC56F}.Release|x64.Build.0 = Release|x64
		{7CECE569-1E7B-4D29-913D-8E4249BFC56F}.Release|x86.ActiveCfg = Release|Win32
		{7CECE569-1E7B-4D29-913D-8E4249BFC56F}.Release|x86.Build.0 = Release|Win32
		{B7D2CF3A-1D69-4B70-B10D-049AC19502D0}.Debug|x64.ActiveCfg = Debug|x64
		{B7D2CF3A-1D69-4B70-B10D-049AC19502D0}.Debug|x64.Build.0 = Debug|x64
		{B7D2CF3A-1D69-4B70-B10D-049AC19502D0}.Debug|x86.ActiveCfg = Debug|Win32
		{B7D2CF3A-1D69-4B70-B10D-049AC19502D0}.Debug|x86.Build.0 = Debug|Win32
		{B7D2CF3A-1D69-4B70-B10D-049AC19502D0}.Release|x64.ActiveCfg = Release|x64
		{B7D2CF3A-1D69-4B70-B10D-049AC19502D0}.Release|x64.Build.0 = Release|x64
		{B7D2CF3A-1D69-4B70-B10D-049AC19502D0}.Release|x86.ActiveCfg = Release|Win32
		{B7D2CF3A-1D69-4B70-B10D-049AC19502D0}.Release|x86.Build.0 = Release|Win32
		{F9C62A32-F051-4586-9251-A15784FCFD82}.Debug|x64.ActiveCfg = Debug|x64
		{F9C62A32-F051-4586-9251-A15784FCFD82}.Debug|x64.Build.0 = Debug|x64
		{F9C62A32-F051-4586-9251-A15784FCFD82}.Debug|x86.ActiveCfg = Debug|Win32
		{F9C62A32-F051-4586-9251-A15784FCFD82}.Debug|x86.Build.0 = Debug|Win32
		{F9C62A32-F051-4586-9251-A15784FCFD82}.Release|x64.ActiveCfg = Release|x64
		{F9C62A32-F051-4586-9251-A15784FCFD82}.Release|x64.Build.0 = Release|x64
		{F9C62A32-F051-4586-9251-A15784FCFD82}.Release|x86.ActiveCfg = Release|Win32
		{F9C62A32-F051-4586-9251-A15784FCFD82}.Release|x86.Build.0 = Release|Win32
		{99D89238-A75B-43DE-A094-D491CF86766E}.Debug|x64.ActiveCfg = Debug|x64
		{99D89238-A75B-43DE-A094-D491CF86766E}.Debug|x64.Build.0 = Debug|x64
		{99D89238-A75B-43DE-A094-D491CF86766E}.Debug|x86.ActiveCfg = Debug|Win32
		{99D89238-A75B-43DE-A094-D491CF86766E}.Debug|x86.Build.0 = Debug|Win32
		{99D89238-A75B-43DE-A094-D491CF86766E}.Release|x64.ActiveCfg = Release|x64
		{99D89238-A75B-43DE-A094-D491CF86766E}.Release|x64.Build.0 = Release|x64
		{99D89238-A75B-43DE-A094-D491CF86766E}.Release|x86.ActiveCfg = Release|Win32
		{99D89238-A75B-43DE-A094-D491CF86766E}.Release|x86.Build.0 = Release|Win32
		{3DAFDA29-28C0-45D1-A459-DBE1E685F413}.Debug|x64.ActiveCfg = Debug|x64
		{3DAFDA29-28C0-45D1-A459-DBE1E685F413}.Debug|x64.Build.0 = Debug|x64
		{3DAFDA29-28C0-45D1-A459-DBE1E685F413}.Debug|x86.ActiveCfg = Debug|Win32
		{3DAFDA29-28C0-45D1-A459-DBE1E685F413}.Debug|x86.Build.0 = Debug|Win32
		{3DAFDA29-28C0-45D1-A459-DBE1E685F413}.Release|x64.ActiveCfg = Release|x64
		{3DAFDA29-28C0-45D1-A459-DBE1E685F413}.Release|x64.Build.0 = Release|x64
		{3DAFDA29-28C0-45D1-A459-DBE1E685F413}.Release|x86.ActiveCfg = Release|Win32
		{3DAFDA29-28C0-45D1-A459-DBE1E685F413}.Release|x86.Build.0 = Release|Win32
		{80393911-CBE7-4EA9-B8FD-9E72978EA3C8}.Debug|x64.ActiveCfg = Debug|x64
		{80393911-CBE7-4EA9-B8FD-9E72978EA3C8}.Debug|x64.Build.0 = Debug|x64
		{80393911-CBE7-4EA9-B8FD-9E72978EA3C8}.Debug|x86.ActiveCfg = Debug|Win32
		{80393911-CBE7-4EA9-B8FD-9E72978EA3C8}.Debug|x86.Build.0 = Debug|Win32
		{80393911-CBE7-4EA9-B8FD-9E72978EA3C8}.Release|x64.ActiveCfg = Release|x64
		{80393911-CBE7-4EA9-B8FD-9E72978EA3C8}.Release|x64.Build.0 = Release|x64
		{80393911-CBE7-4EA9-B8FD-9E72978EA3C8}.Release|x86.ActiveCfg = Release|Win32
		{80393911-CBE7-4EA9-B8FD-9E72978EA3C8}.Release|x86.Build.0 = Release|Win32
		{37E20A18-50FF-4AF3-A3F5-FA463E4793A3}.Debug|x64.ActiveCfg = Debug|x64
		{37E20A18-50FF-4AF3-A3F5-FA463E4793A3}.Debug|x64.Build.0 = Debug|x64
		{37E20A18-50FF-4AF3-A3F5-FA463E4793A3}.Debug|x86.ActiveCfg = Debug|Win32
		{37E20A18-50FF-4AF3-A3F5-FA463E4793A3}.Debug|x86.Build.0 = Debug|Win32
		{37E20A18-50FF-4AF3-A3F5-FA463E4793A3}.Release|x64.ActiveCfg = Release|x64
		{37E20A18-50FF-4AF3-A3F5-FA463E4793A3}.Release|x64.Build.0 = Release|x64
		{37E20A18-50FF-4AF3-A3F5-FA463E4793A3}.Release|x86.ActiveCfg = Release|Win32
		{37E20A18-50FF-4AF3-A3F5-FA463E4793A3}.Release|x86.Build.0 = Release|Win32
		{5430FD7D-AEBD-47DD-B177-3074D078EF7F}.Debug|x64.ActiveCfg = Debug|x64
		{5430FD7D-AEBD-47DD-B177-3074D078EF7F}.Debug|x64.Build.0 = Debug|x64
		{5430FD7D-AEBD-47DD-B177-3074D078EF7F}.Debug|x86.ActiveCfg = Debug|Win32
		{5430FD7D-AEBD-47DD-B177-3074D078EF7F}.Debug|x86.Build.0 = Debug|Win32
		{5430FD7D-AEBD-47DD-B177-3074D078EF7F}.Release|x64.ActiveCfg = Release|x64
		{5430FD7D-AEBD-47DD-B177-3074D078EF7F}.Release|x64.Build.0 = Release|x64
		{5430FD7D-AEBD-47DD-B177-3074D078EF7F}.Release|x86.ActiveCfg = Release|Win32
		{5430FD7D-AEBD-47DD-B177-3074D078EF7F}.Release|x86.Build.0 = Release|Win32
		{4CDB5E0D-C44F-47D6-9A49-C048BA1A7A1E}.Debug|x64.ActiveCfg = Debug|x64
		{4CDB5E0D-C44F-47D6-9A49-C048BA1A7A1E}.Debug|x64.Build.0 = Debug|x64
		{4CDB5E0D-C44F-47D6-9A49-C048BA1A7A1E}.Debug|x86.ActiveCfg = Debug|Win32
		{4CDB5E0D-C44F-47D6-9A49-C048BA1A7A1E}.Debug|x86.Build.0 = Debug|Win32
		{4CDB5E0D-C44F-47D6-9A49-C048BA1A7A1E}.Release|x64.ActiveCfg = Release|x64
		{4CDB5E0D-C44F-47D6-9A49-C048BA1A7A1E}.Release|x64.Build.0 = Release|x64
		{4CDB5E0D-C44F-47D6-9A49-C048BA1A7A1E}.Release|x86.ActiveCfg = Release|Win32
		{4CDB5E0D-C44F-47D6-9A49-C048BA1A7A1E}.Release|x86.Build.0 = Release|Win32
		{E211FEF6-B9F6-4F92-BA8A-2656250D8FC1}.Debug|x64.ActiveCfg = Debug|x64
		{E211FEF6-B9F6-4F92-BA8A-2656250D8FC1}.Debug|x64.Build.0 = Debug|x64
		{E211FEF6-B9F6-4F92-BA8A-2656250D8FC1}.Debug|x86.ActiveCfg = Debug|Win32
		{E211FEF6-B9F6-4F92-BA8A-2656250D8FC1}.Debug|x86.Build.0 = Debug|Win32
		{E211FEF6-B9F6-4F92-BA8A-2656250D8FC1}.Release|x64.ActiveCfg = Release|x64
		{E211FEF6-B9F6-4F92-BA8A-2656250D8FC1}.Release|x64.Build.0 = Release|x64
		{E211FEF6-B9F6-4F92-BA8A-2656250D8FC1}.Release|x86.ActiveCfg = Release|Win32
		{E211FEF6-B9F6-4F92-BA8A-2656250D8FC1}.Release|x86.Build.0 = Release|Win32
		{F1BCA76D-E38B-4353-9198-604C142F9E66}.Debug|x64.ActiveCfg = Debug|x64
		{F1BCA76D-E38B-4353-9198-604C142F9E66}.Debug|x64.Build.0 = Debug|x64
		{F1BCA76D-E38B-4353-9198-604C142F9E66}.Debug|x86.ActiveCfg = Debug|Win32
		{F1BCA76D-E38B-4353-9198-604C142F9E66}.Debug|x86.Build.0 = Debug|Win32
		{F1BCA76D-E38B-4353-9198-604C142F9E66}.Release|x64.ActiveCfg = Release|x64
		{F1BCA76D-E38B-4353-9198-604C142F9E66}.Release|x64.Build.0 = Release|x64
		{F1BCA76D-E38B-4353-9198-604C142F9E66}.Release|x86.ActiveCfg = Release|Win32
		{F1BCA76D-E38B-4353-9198-604C142F9E66}.Release|x86.Build.0 = Release|Win32
		{95CF1459-9B30-4ECA-9313-5BEE2EC5A34D}.Debug|x64.ActiveCfg = Debug|x64
		{95CF1459-9B30-4ECA-9313-5BEE2EC5A34D}.Debug|x64.Build.0 = Debug|x64
		{95CF1459-9B30-4ECA-9313-5BEE2EC5A34D}.Debug|x86.ActiveCfg = Debug|Win32
		{95CF1459-9B30-4ECA-9313-5BEE2EC5A34D}.Debug|x86.Build.0 = Debug|Win32
		{95CF1459-9B30-4ECA-9313-5BEE2EC5A34D}.Release|x64.ActiveCfg = Release|x64
		{95CF1459-9B30-4ECA-9313-5BEE2EC5A34D}.Release|x64.Build.0 = Release|x64
		{95CF1459-9B30-4ECA-9313-5BEE2EC5A34D}.Release|x86.ActiveCfg = Release|Win32
		{95CF1459-9B30-4ECA-9313-5BEE2EC5A34D}.Release|x86.Build.0 = Release|Win32
	EndGlobalSection
	GlobalSection(SolutionProperties) = preSolution
		HideSolutionNode = FALSE
	EndGlobalSection
	GlobalSection(ExtensibilityGlobals) = postSolution
		SolutionGuid = {A6DE01AC-0FCA-484F-8699-DAC9243F8796}
	EndGlobalSection
EndGlobal
